
Microsoft Visual Studio Solution File, Format Version 12.00
# Visual Studio Version 16
VisualStudioVersion = 16.0.29503.13
MinimumVisualStudioVersion = 10.0.40219.1
Project("{FAE04EC0-301F-11D3-BF4B-00C04F79EFBC}") = "RunPy", "RunPy\RunPy.csproj", "{DEC598F5-56BD-48DC-B099-53F642B41A94}"
EndProject
Project("{9A19103F-16F7-4668-BE54-9A1E7A4F7556}") = "CoreDomain", "CoreDomain\CoreDomain.csproj", "{BF445F23-E379-42E2-8586-B4B2819F02F4}"
EndProject
Project("{9A19103F-16F7-4668-BE54-9A1E7A4F7556}") = "CoreBusinessLogic", "CoreBusinessLogic\CoreBusinessLogic.csproj", "{F82317FE-DD3C-4658-ACA3-1F3FF632947C}"
EndProject
Project("{9A19103F-16F7-4668-BE54-9A1E7A4F7556}") = "ConsoleEndpoint", "ConsoleEndpoint\ConsoleEndpoint.csproj", "{A357868E-16EB-4D8E-A036-E2BBC56CBE7E}"
EndProject
Project("{9A19103F-16F7-4668-BE54-9A1E7A4F7556}") = "XUnitTests", "XUnitTests\XUnitTests.csproj", "{C8C3899E-C756-46B0-9077-E39B14992C8F}"
EndProject
Project("{FAE04EC0-301F-11D3-BF4B-00C04F79EFBC}") = "WpfClient", "WpfClient\WpfClient.csproj", "{3D8F8954-BA68-4260-90CE-DE1D9DF0DE94}"
EndProject
Global
	GlobalSection(SolutionConfigurationPlatforms) = preSolution
		Debug|Any CPU = Debug|Any CPU
		Debug|x64 = Debug|x64
		Release|Any CPU = Release|Any CPU
		Release|x64 = Release|x64
	EndGlobalSection
	GlobalSection(ProjectConfigurationPlatforms) = postSolution
		{DEC598F5-56BD-48DC-B099-53F642B41A94}.Debug|Any CPU.ActiveCfg = Debug|Any CPU
		{DEC598F5-56BD-48DC-B099-53F642B41A94}.Debug|Any CPU.Build.0 = Debug|Any CPU
		{DEC598F5-56BD-48DC-B099-53F642B41A94}.Debug|x64.ActiveCfg = Debug|x64
		{DEC598F5-56BD-48DC-B099-53F642B41A94}.Debug|x64.Build.0 = Debug|x64
		{DEC598F5-56BD-48DC-B099-53F642B41A94}.Release|Any CPU.ActiveCfg = Release|Any CPU
		{DEC598F5-56BD-48DC-B099-53F642B41A94}.Release|Any CPU.Build.0 = Release|Any CPU
		{DEC598F5-56BD-48DC-B099-53F642B41A94}.Release|x64.ActiveCfg = Release|x64
		{DEC598F5-56BD-48DC-B099-53F642B41A94}.Release|x64.Build.0 = Release|x64
		{BF445F23-E379-42E2-8586-B4B2819F02F4}.Debug|Any CPU.ActiveCfg = Debug|Any CPU
		{BF445F23-E379-42E2-8586-B4B2819F02F4}.Debug|Any CPU.Build.0 = Debug|Any CPU
		{BF445F23-E379-42E2-8586-B4B2819F02F4}.Debug|x64.ActiveCfg = Debug|Any CPU
		{BF445F23-E379-42E2-8586-B4B2819F02F4}.Debug|x64.Build.0 = Debug|Any CPU
		{BF445F23-E379-42E2-8586-B4B2819F02F4}.Release|Any CPU.ActiveCfg = Release|Any CPU
		{BF445F23-E379-42E2-8586-B4B2819F02F4}.Release|Any CPU.Build.0 = Release|Any CPU
		{BF445F23-E379-42E2-8586-B4B2819F02F4}.Release|x64.ActiveCfg = Release|Any CPU
		{BF445F23-E379-42E2-8586-B4B2819F02F4}.Release|x64.Build.0 = Release|Any CPU
		{F82317FE-DD3C-4658-ACA3-1F3FF632947C}.Debug|Any CPU.ActiveCfg = Debug|Any CPU
		{F82317FE-DD3C-4658-ACA3-1F3FF632947C}.Debug|Any CPU.Build.0 = Debug|Any CPU
		{F82317FE-DD3C-4658-ACA3-1F3FF632947C}.Debug|x64.ActiveCfg = Debug|Any CPU
		{F82317FE-DD3C-4658-ACA3-1F3FF632947C}.Debug|x64.Build.0 = Debug|Any CPU
		{F82317FE-DD3C-4658-ACA3-1F3FF632947C}.Release|Any CPU.ActiveCfg = Release|Any CPU
		{F82317FE-DD3C-4658-ACA3-1F3FF632947C}.Release|Any CPU.Build.0 = Release|Any CPU
		{F82317FE-DD3C-4658-ACA3-1F3FF632947C}.Release|x64.ActiveCfg = Release|Any CPU
		{F82317FE-DD3C-4658-ACA3-1F3FF632947C}.Release|x64.Build.0 = Release|Any CPU
		{A357868E-16EB-4D8E-A036-E2BBC56CBE7E}.Debug|Any CPU.ActiveCfg = Debug|Any CPU
		{A357868E-16EB-4D8E-A036-E2BBC56CBE7E}.Debug|Any CPU.Build.0 = Debug|Any CPU
		{A357868E-16EB-4D8E-A036-E2BBC56CBE7E}.Debug|x64.ActiveCfg = Debug|Any CPU
		{A357868E-16EB-4D8E-A036-E2BBC56CBE7E}.Debug|x64.Build.0 = Debug|Any CPU
		{A357868E-16EB-4D8E-A036-E2BBC56CBE7E}.Release|Any CPU.ActiveCfg = Release|Any CPU
		{A357868E-16EB-4D8E-A036-E2BBC56CBE7E}.Release|Any CPU.Build.0 = Release|Any CPU
		{A357868E-16EB-4D8E-A036-E2BBC56CBE7E}.Release|x64.ActiveCfg = Release|Any CPU
		{A357868E-16EB-4D8E-A036-E2BBC56CBE7E}.Release|x64.Build.0 = Release|Any CPU
		{C8C3899E-C756-46B0-9077-E39B14992C8F}.Debug|Any CPU.ActiveCfg = Debug|Any CPU
		{C8C3899E-C756-46B0-9077-E39B14992C8F}.Debug|Any CPU.Build.0 = Debug|Any CPU
		{C8C3899E-C756-46B0-9077-E39B14992C8F}.Debug|x64.ActiveCfg = Debug|Any CPU
		{C8C3899E-C756-46B0-9077-E39B14992C8F}.Debug|x64.Build.0 = Debug|Any CPU
		{C8C3899E-C756-46B0-9077-E39B14992C8F}.Release|Any CPU.ActiveCfg = Release|Any CPU
		{C8C3899E-C756-46B0-9077-E39B14992C8F}.Release|Any CPU.Build.0 = Release|Any CPU
		{C8C3899E-C756-46B0-9077-E39B14992C8F}.Release|x64.ActiveCfg = Release|Any CPU
		{C8C3899E-C756-46B0-9077-E39B14992C8F}.Release|x64.Build.0 = Release|Any CPU
		{3D8F8954-BA68-4260-90CE-DE1D9DF0DE94}.Debug|Any CPU.ActiveCfg = Debug|Any CPU
		{3D8F8954-BA68-4260-90CE-DE1D9DF0DE94}.Debug|Any CPU.Build.0 = Debug|Any CPU
		{3D8F8954-BA68-4260-90CE-DE1D9DF0DE94}.Debug|x64.ActiveCfg = Debug|Any CPU
		{3D8F8954-BA68-4260-90CE-DE1D9DF0DE94}.Debug|x64.Build.0 = Debug|Any CPU
		{3D8F8954-BA68-4260-90CE-DE1D9DF0DE94}.Release|Any CPU.ActiveCfg = Release|Any CPU
		{3D8F8954-BA68-4260-90CE-DE1D9DF0DE94}.Release|Any CPU.Build.0 = Release|Any CPU
		{3D8F8954-BA68-4260-90CE-DE1D9DF0DE94}.Release|x64.ActiveCfg = Release|Any CPU
		{3D8F8954-BA68-4260-90CE-DE1D9DF0DE94}.Release|x64.Build.0 = Release|Any CPU
	EndGlobalSection
	GlobalSection(SolutionProperties) = preSolution
		HideSolutionNode = FALSE
	EndGlobalSection
	GlobalSection(ExtensibilityGlobals) = postSolution
		SolutionGuid = {BEC1F7D4-3E23-4CAD-B1E8-ECA5CDB73552}
	EndGlobalSection
EndGlobal
